
Microsoft Visual Studio Solution File, Format Version 12.00
# Visual Studio 15
VisualStudioVersion = 15.0.28307.1321
MinimumVisualStudioVersion = 10.0.40219.1
Project("{FAE04EC0-301F-11D3-BF4B-00C04F79EFBC}") = "Assembly-CSharp", "Assembly-CSharp.csproj", "{EF20DFD9-5672-6001-9CE5-059AF6048530}"
EndProject
Global
	GlobalSection(SolutionConfigurationPlatforms) = preSolution
		Debug|Any CPU = Debug|Any CPU
		Release|Any CPU = Release|Any CPU
	EndGlobalSection
	GlobalSection(ProjectConfigurationPlatforms) = postSolution
		{EF20DFD9-5672-6001-9CE5-059AF6048530}.Debug|Any CPU.ActiveCfg = Debug|Any CPU
		{EF20DFD9-5672-6001-9CE5-059AF6048530}.Debug|Any CPU.Build.0 = Debug|Any CPU
		{EF20DFD9-5672-6001-9CE5-059AF6048530}.Release|Any CPU.ActiveCfg = Release|Any CPU
		{EF20DFD9-5672-6001-9CE5-059AF6048530}.Release|Any CPU.Build.0 = Release|Any CPU
	EndGlobalSection
	GlobalSection(SolutionProperties) = preSolution
		HideSolutionNode = FALSE
	EndGlobalSection
	GlobalSection(ExtensibilityGlobals) = postSolution
		SolutionGuid = {EC3E9753-19A9-4991-BCC1-7DAFB5FC9B32}
	EndGlobalSection
EndGlobal
